Microsoft Visual Studio Solution File, Format Version 12.00
# Visual Studio Version 17
VisualStudioVersion = 17.5.2.0
MinimumVisualStudioVersion = 10.0.40219.1
Project("{FAE04EC0-301F-11D3-BF4B-00C04F79EFBC}") = "SplunkLikeProject", "SplunkLikeProject.csproj", "{2F2919EA-D6F8-157C-E5EE-C96B6E6BC389}"
EndProject
Global
	GlobalSection(SolutionConfigurationPlatforms) = preSolution
		Debug|Any CPU = Debug|Any CPU
		Release|Any CPU = Release|Any CPU
	EndGlobalSection
	GlobalSection(ProjectConfigurationPlatforms) = postSolution
		{2F2919EA-D6F8-157C-E5EE-C96B6E6BC389}.Debug|Any CPU.ActiveCfg = Debug|Any CPU
		{2F2919EA-D6F8-157C-E5EE-C96B6E6BC389}.Debug|Any CPU.Build.0 = Debug|Any CPU
		{2F2919EA-D6F8-157C-E5EE-C96B6E6BC389}.Release|Any CPU.ActiveCfg = Release|Any CPU
		{2F2919EA-D6F8-157C-E5EE-C96B6E6BC389}.Release|Any CPU.Build.0 = Release|Any CPU
	EndGlobalSection
	GlobalSection(SolutionProperties) = preSolution
		HideSolutionNode = FALSE
	EndGlobalSection
	GlobalSection(ExtensibilityGlobals) = postSolution
		SolutionGuid = {201D5856-64C2-49A8-B090-50FB8C0F4B9B}
	EndGlobalSection
EndGlobal
